// !$*UTF8*$!
{
	archiveVersion = 1;
	classes = {
	};
	objectVersion = 51;
	objects = {

/* Begin PBXBuildFile section */
		852697C821B4CD32009F2CE6 /* Tests.m in Sources */ = {isa = PBXBuildFile; fileRef = 852697C721B4CD32009F2CE6 /* Tests.m */; };
		8529EEAA21FADD8A00F2AE9B /* UIViewController+JHGTGeneralList.m in Sources */ = {isa = PBXBuildFile; fileRef = 8529EEA921FADD8A00F2AE9B /* UIViewController+JHGTGeneralList.m */; };
		8529EEAE21FAE66400F2AE9B /* UIViewController+JHGBlankView.m in Sources */ = {isa = PBXBuildFile; fileRef = 8529EEAD21FAE66400F2AE9B /* UIViewController+JHGBlankView.m */; };
		8529EEB121FAE7B100F2AE9B /* JHGBlankView.m in Sources */ = {isa = PBXBuildFile; fileRef = 8529EEAF21FAE7B000F2AE9B /* JHGBlankView.m */; };
		8562B1BF21DF304E00C2C6D7 /* UIViewController+JHGTable.m in Sources */ = {isa = PBXBuildFile; fileRef = 8562B1BE21DF304E00C2C6D7 /* UIViewController+JHGTable.m */; };
		8562B1C521DF521E00C2C6D7 /* UITableViewCell+JHCellConfig.m in Sources */ = {isa = PBXBuildFile; fileRef = 8562B1C421DF521E00C2C6D7 /* UITableViewCell+JHCellConfig.m */; };
		8592BA36228D23360085DFA7 /* JHGDomainSwitchViewController.m in Sources */ = {isa = PBXBuildFile; fileRef = 8592BA35228D23360085DFA7 /* JHGDomainSwitchViewController.m */; };
		8592BA39228D29120085DFA7 /* JHGDomainManager.m in Sources */ = {isa = PBXBuildFile; fileRef = 8592BA38228D29120085DFA7 /* JHGDomainManager.m */; };
		85A5385D21B76F2600E510AF /* JHGBlankCell.m in Sources */ = {isa = PBXBuildFile; fileRef = 85A5385721B76F2500E510AF /* JHGBlankCell.m */; };
		85A5385E21B76F2600E510AF /* JHGBlankCell.m in Sources */ = {isa = PBXBuildFile; fileRef = 85A5385721B76F2500E510AF /* JHGBlankCell.m */; };
		85A5386521B770EC00E510AF /* UIView+JHGShortcut.m in Sources */ = {isa = PBXBuildFile; fileRef = 85A5386421B770EC00E510AF /* UIView+JHGShortcut.m */; };
		85A5386621B770EC00E510AF /* UIView+JHGShortcut.m in Sources */ = {isa = PBXBuildFile; fileRef = 85A5386421B770EC00E510AF /* UIView+JHGShortcut.m */; };
		85A5386E21B7749C00E510AF /* UIImage+JHGImageUtil.m in Sources */ = {isa = PBXBuildFile; fileRef = 85A5386C21B7749C00E510AF /* UIImage+JHGImageUtil.m */; };
		85A5386F21B7749C00E510AF /* UIImage+JHGImageUtil.m in Sources */ = {isa = PBXBuildFile; fileRef = 85A5386C21B7749C00E510AF /* UIImage+JHGImageUtil.m */; };
		85A5387221B774AB00E510AF /* UIImage+JHGColor.m in Sources */ = {isa = PBXBuildFile; fileRef = 85A5387121B774AB00E510AF /* UIImage+JHGColor.m */; };
		85A5387321B774AB00E510AF /* UIImage+JHGColor.m in Sources */ = {isa = PBXBuildFile; fileRef = 85A5387121B774AB00E510AF /* UIImage+JHGColor.m */; };
		85A5387621B774BB00E510AF /* UIColor+JHGRandom.m in Sources */ = {isa = PBXBuildFile; fileRef = 85A5387421B774BB00E510AF /* UIColor+JHGRandom.m */; };
		85A5387721B774BB00E510AF /* UIColor+JHGRandom.m in Sources */ = {isa = PBXBuildFile; fileRef = 85A5387421B774BB00E510AF /* UIColor+JHGRandom.m */; };
		85A5387E21B77CEF00E510AF /* JHGWebViewController.m in Sources */ = {isa = PBXBuildFile; fileRef = 85A5387B21B77CEF00E510AF /* JHGWebViewController.m */; };
		85A5387F21B77CEF00E510AF /* JHGWebViewController.m in Sources */ = {isa = PBXBuildFile; fileRef = 85A5387B21B77CEF00E510AF /* JHGWebViewController.m */; };
		85A5388721B793F900E510AF /* JHGHttpEngine.m in Sources */ = {isa = PBXBuildFile; fileRef = 85A5388121B793F800E510AF /* JHGHttpEngine.m */; };
		85A5388821B793F900E510AF /* JHGHttpEngine.m in Sources */ = {isa = PBXBuildFile; fileRef = 85A5388121B793F800E510AF /* JHGHttpEngine.m */; };
		85A5388921B793F900E510AF /* JHGHttpEngine+UploadDownload.m in Sources */ = {isa = PBXBuildFile; fileRef = 85A5388321B793F800E510AF /* JHGHttpEngine+UploadDownload.m */; };
		85A5388A21B793F900E510AF /* JHGHttpEngine+UploadDownload.m in Sources */ = {isa = PBXBuildFile; fileRef = 85A5388321B793F800E510AF /* JHGHttpEngine+UploadDownload.m */; };
		85A5388B21B793F900E510AF /* JHGRequestItem.m in Sources */ = {isa = PBXBuildFile; fileRef = 85A5388421B793F800E510AF /* JHGRequestItem.m */; };
		85A5388C21B793F900E510AF /* JHGRequestItem.m in Sources */ = {isa = PBXBuildFile; fileRef = 85A5388421B793F800E510AF /* JHGRequestItem.m */; };
		85A5389221B7944700E510AF /* ZTBaseResponseModel.m in Sources */ = {isa = PBXBuildFile; fileRef = 85A5388F21B7944600E510AF /* ZTBaseResponseModel.m */; };
		85A5389321B7944700E510AF /* ZTBaseResponseModel.m in Sources */ = {isa = PBXBuildFile; fileRef = 85A5388F21B7944600E510AF /* ZTBaseResponseModel.m */; };
		85A5389421B7944700E510AF /* ZTBaseRequestItem.m in Sources */ = {isa = PBXBuildFile; fileRef = 85A5389121B7944700E510AF /* ZTBaseRequestItem.m */; };
		85A5389521B7944700E510AF /* ZTBaseRequestItem.m in Sources */ = {isa = PBXBuildFile; fileRef = 85A5389121B7944700E510AF /* ZTBaseRequestItem.m */; };
		85A5389D21B7954800E510AF /* JHGAppStoreTools.m in Sources */ = {isa = PBXBuildFile; fileRef = 85A5389C21B7954700E510AF /* JHGAppStoreTools.m */; };
		85A5389E21B7954800E510AF /* JHGAppStoreTools.m in Sources */ = {isa = PBXBuildFile; fileRef = 85A5389C21B7954700E510AF /* JHGAppStoreTools.m */; };
		85AC90BD222CE46F00B00262 /* JHGTouchButton.m in Sources */ = {isa = PBXBuildFile; fileRef = 85AC90BC222CE46F00B00262 /* JHGTouchButton.m */; };
		85B50C1523F90D2700277F47 /* ListDemoViewController.m in Sources */ = {isa = PBXBuildFile; fileRef = 85B50C1423F90D2700277F47 /* ListDemoViewController.m */; };
		85CC04E121C21DCE006693DD /* UIViewController+JHGarage.m in Sources */ = {isa = PBXBuildFile; fileRef = 85CC04E021C21DCE006693DD /* UIViewController+JHGarage.m */; };
		85CC04E421C24094006693DD /* JHGSwizzle.m in Sources */ = {isa = PBXBuildFile; fileRef = 85CC04E221C24094006693DD /* JHGSwizzle.m */; };
		85DC4CF022E1AD0900DBA83D /* JHBaseUserDefaults.m in Sources */ = {isa = PBXBuildFile; fileRef = 85DC4CEF22E1AD0900DBA83D /* JHBaseUserDefaults.m */; };
		85FC832A21A6F4DF0067F46B /* AppDelegate.m in Sources */ = {isa = PBXBuildFile; fileRef = 85FC832921A6F4DF0067F46B /* AppDelegate.m */; };
		85FC832D21A6F4DF0067F46B /* ViewController.m in Sources */ = {isa = PBXBuildFile; fileRef = 85FC832C21A6F4DF0067F46B /* ViewController.m */; };
		85FC833021A6F4DF0067F46B /* Main.storyboard in Resources */ = {isa = PBXBuildFile; fileRef = 85FC832E21A6F4DF0067F46B /* Main.storyboard */; };
		85FC833221A6F4E00067F46B /* Assets.xcassets in Resources */ = {isa = PBXBuildFile; fileRef = 85FC833121A6F4E00067F46B /* Assets.xcassets */; };
		85FC833521A6F4E00067F46B /* LaunchScreen.storyboard in Resources */ = {isa = PBXBuildFile; fileRef = 85FC833321A6F4E00067F46B /* LaunchScreen.storyboard */; };
		85FC833821A6F4E00067F46B /* main.m in Sources */ = {isa = PBXBuildFile; fileRef = 85FC833721A6F4E00067F46B /* main.m */; };
		B24778F2C7D70732A3A73C53 /* libPods-JHGarage.a in Frameworks */ = {isa = PBXBuildFile; fileRef = 57376C6813CC44B952A202D5 /* libPods-JHGarage.a */; };
/* End PBXBuildFile section */

/* Begin PBXContainerItemProxy section */
		852697CA21B4CD32009F2CE6 /* PBXContainerItemProxy */ = {
			isa = PBXContainerItemProxy;
			containerPortal = 85FC828521A6E5670067F46B /* Project object */;
			proxyType = 1;
			remoteGlobalIDString = 85FC832521A6F4DF0067F46B;
			remoteInfo = JHGarage;
		};
/* End PBXContainerItemProxy section */

/* Begin PBXFileReference section */
		57376C6813CC44B952A202D5 /* libPods-JHGarage.a */ = {isa = PBXFileReference; explicitFileType = archive.ar; includeInIndex = 0; path = "libPods-JHGarage.a"; sourceTree = BUILT_PRODUCTS_DIR; };
		5C7ABE95832A852F61E76DB5 /* Pods-JHGarage.release.xcconfig */ = {isa = PBXFileReference; includeInIndex = 1; lastKnownFileType = text.xcconfig; name = "Pods-JHGarage.release.xcconfig"; path = "Pods/Target Support Files/Pods-JHGarage/Pods-JHGarage.release.xcconfig"; sourceTree = "<group>"; };
		5DFA5293930547C84573D880 /* Pods-JHGarage.debug.xcconfig */ = {isa = PBXFileReference; includeInIndex = 1; lastKnownFileType = text.xcconfig; name = "Pods-JHGarage.debug.xcconfig"; path = "Pods/Target Support Files/Pods-JHGarage/Pods-JHGarage.debug.xcconfig"; sourceTree = "<group>"; };
		852697C521B4CD32009F2CE6 /* Tests.xctest */ = {isa = PBXFileReference; explicitFileType = wrapper.cfbundle; includeInIndex = 0; path = Tests.xctest; sourceTree = BUILT_PRODUCTS_DIR; };
		852697C721B4CD32009F2CE6 /* Tests.m */ = {isa = PBXFileReference; lastKnownFileType = sourcecode.c.objc; path = Tests.m; sourceTree = "<group>"; };
		852697C921B4CD32009F2CE6 /* Info.plist */ = {isa = PBXFileReference; lastKnownFileType = text.plist.xml; path = Info.plist; sourceTree = "<group>"; };
		8529EEA821FADD8A00F2AE9B /* UIViewController+JHGTGeneralList.h */ = {isa = PBXFileReference; lastKnownFileType = sourcecode.c.h; path = "UIViewController+JHGTGeneralList.h"; sourceTree = "<group>"; };
		8529EEA921FADD8A00F2AE9B /* UIViewController+JHGTGeneralList.m */ = {isa = PBXFileReference; lastKnownFileType = sourcecode.c.objc; path = "UIViewController+JHGTGeneralList.m"; sourceTree = "<group>"; };
		8529EEAC21FAE66400F2AE9B /* UIViewController+JHGBlankView.h */ = {isa = PBXFileReference; lastKnownFileType = sourcecode.c.h; path = "UIViewController+JHGBlankView.h"; sourceTree = "<group>"; };
		8529EEAD21FAE66400F2AE9B /* UIViewController+JHGBlankView.m */ = {isa = PBXFileReference; lastKnownFileType = sourcecode.c.objc; path = "UIViewController+JHGBlankView.m"; sourceTree = "<group>"; };
		8529EEAF21FAE7B000F2AE9B /* JHGBlankView.m */ = {isa = PBXFileReference; fileEncoding = 4; lastKnownFileType = sourcecode.c.objc; path = JHGBlankView.m; sourceTree = "<group>"; };
		8529EEB021FAE7B100F2AE9B /* JHGBlankView.h */ = {isa = PBXFileReference; fileEncoding = 4; lastKnownFileType = sourcecode.c.h; path = JHGBlankView.h; sourceTree = "<group>"; };
		8562B1BD21DF304E00C2C6D7 /* UIViewController+JHGTable.h */ = {isa = PBXFileReference; lastKnownFileType = sourcecode.c.h; path = "UIViewController+JHGTable.h"; sourceTree = "<group>"; };
		8562B1BE21DF304E00C2C6D7 /* UIViewController+JHGTable.m */ = {isa = PBXFileReference; lastKnownFileType = sourcecode.c.objc; path = "UIViewController+JHGTable.m"; sourceTree = "<group>"; };
		8562B1C321DF521E00C2C6D7 /* UITableViewCell+JHCellConfig.h */ = {isa = PBXFileReference; lastKnownFileType = sourcecode.c.h; path = "UITableViewCell+JHCellConfig.h"; sourceTree = "<group>"; };
		8562B1C421DF521E00C2C6D7 /* UITableViewCell+JHCellConfig.m */ = {isa = PBXFileReference; lastKnownFileType = sourcecode.c.objc; path = "UITableViewCell+JHCellConfig.m"; sourceTree = "<group>"; };
		8592BA34228D23360085DFA7 /* JHGDomainSwitchViewController.h */ = {isa = PBXFileReference; lastKnownFileType = sourcecode.c.h; path = JHGDomainSwitchViewController.h; sourceTree = "<group>"; };
		8592BA35228D23360085DFA7 /* JHGDomainSwitchViewController.m */ = {isa = PBXFileReference; lastKnownFileType = sourcecode.c.objc; path = JHGDomainSwitchViewController.m; sourceTree = "<group>"; };
		8592BA37228D29120085DFA7 /* JHGDomainManager.h */ = {isa = PBXFileReference; lastKnownFileType = sourcecode.c.h; path = JHGDomainManager.h; sourceTree = "<group>"; };
		8592BA38228D29120085DFA7 /* JHGDomainManager.m */ = {isa = PBXFileReference; lastKnownFileType = sourcecode.c.objc; path = JHGDomainManager.m; sourceTree = "<group>"; };
		85A5385721B76F2500E510AF /* JHGBlankCell.m */ = {isa = PBXFileReference; fileEncoding = 4; lastKnownFileType = sourcecode.c.objc; path = JHGBlankCell.m; sourceTree = "<group>"; };
		85A5385821B76F2600E510AF /* JHGBlankCell.h */ = {isa = PBXFileReference; fileEncoding = 4; lastKnownFileType = sourcecode.c.h; path = JHGBlankCell.h; sourceTree = "<group>"; };
		85A5386321B770EC00E510AF /* UIView+JHGShortcut.h */ = {isa = PBXFileReference; fileEncoding = 4; lastKnownFileType = sourcecode.c.h; path = "UIView+JHGShortcut.h"; sourceTree = "<group>"; };
		85A5386421B770EC00E510AF /* UIView+JHGShortcut.m */ = {isa = PBXFileReference; fileEncoding = 4; lastKnownFileType = sourcecode.c.objc; path = "UIView+JHGShortcut.m"; sourceTree = "<group>"; };
		85A5386C21B7749C00E510AF /* UIImage+JHGImageUtil.m */ = {isa = PBXFileReference; fileEncoding = 4; lastKnownFileType = sourcecode.c.objc; path = "UIImage+JHGImageUtil.m"; sourceTree = "<group>"; };
		85A5386D21B7749C00E510AF /* UIImage+JHGImageUtil.h */ = {isa = PBXFileReference; fileEncoding = 4; lastKnownFileType = sourcecode.c.h; path = "UIImage+JHGImageUtil.h"; sourceTree = "<group>"; };
		85A5387021B774AB00E510AF /* UIImage+JHGColor.h */ = {isa = PBXFileReference; fileEncoding = 4; lastKnownFileType = sourcecode.c.h; path = "UIImage+JHGColor.h"; sourceTree = "<group>"; };
		85A5387121B774AB00E510AF /* UIImage+JHGColor.m */ = {isa = PBXFileReference; fileEncoding = 4; lastKnownFileType = sourcecode.c.objc; path = "UIImage+JHGColor.m"; sourceTree = "<group>"; };
		85A5387421B774BB00E510AF /* UIColor+JHGRandom.m */ = {isa = PBXFileReference; fileEncoding = 4; lastKnownFileType = sourcecode.c.objc; path = "UIColor+JHGRandom.m"; sourceTree = "<group>"; };
		85A5387521B774BB00E510AF /* UIColor+JHGRandom.h */ = {isa = PBXFileReference; fileEncoding = 4; lastKnownFileType = sourcecode.c.h; path = "UIColor+JHGRandom.h"; sourceTree = "<group>"; };
		85A5387921B77CEF00E510AF /* JHGWebViewController.h */ = {isa = PBXFileReference; fileEncoding = 4; lastKnownFileType = sourcecode.c.h; path = JHGWebViewController.h; sourceTree = "<group>"; };
		85A5387B21B77CEF00E510AF /* JHGWebViewController.m */ = {isa = PBXFileReference; fileEncoding = 4; lastKnownFileType = sourcecode.c.objc; path = JHGWebViewController.m; sourceTree = "<group>"; };
		85A5388121B793F800E510AF /* JHGHttpEngine.m */ = {isa = PBXFileReference; fileEncoding = 4; lastKnownFileType = sourcecode.c.objc; path = JHGHttpEngine.m; sourceTree = "<group>"; };
		85A5388221B793F800E510AF /* JHGRequestItem.h */ = {isa = PBXFileReference; fileEncoding = 4; lastKnownFileType = sourcecode.c.h; path = JHGRequestItem.h; sourceTree = "<group>"; };
		85A5388321B793F800E510AF /* JHGHttpEngine+UploadDownload.m */ = {isa = PBXFileReference; fileEncoding = 4; lastKnownFileType = sourcecode.c.objc; path = "JHGHttpEngine+UploadDownload.m"; sourceTree = "<group>"; };
		85A5388421B793F800E510AF /* JHGRequestItem.m */ = {isa = PBXFileReference; fileEncoding = 4; lastKnownFileType = sourcecode.c.objc; path = JHGRequestItem.m; sourceTree = "<group>"; };
		85A5388521B793F900E510AF /* JHGHttpEngine.h */ = {isa = PBXFileReference; fileEncoding = 4; lastKnownFileType = sourcecode.c.h; path = JHGHttpEngine.h; sourceTree = "<group>"; };
		85A5388621B793F900E510AF /* JHGHttpEngine+UploadDownload.h */ = {isa = PBXFileReference; fileEncoding = 4; lastKnownFileType = sourcecode.c.h; path = "JHGHttpEngine+UploadDownload.h"; sourceTree = "<group>"; };
		85A5388E21B7944600E510AF /* ZTBaseRequestItem.h */ = {isa = PBXFileReference; fileEncoding = 4; lastKnownFileType = sourcecode.c.h; path = ZTBaseRequestItem.h; sourceTree = "<group>"; };
		85A5388F21B7944600E510AF /* ZTBaseResponseModel.m */ = {isa = PBXFileReference; fileEncoding = 4; lastKnownFileType = sourcecode.c.objc; path = ZTBaseResponseModel.m; sourceTree = "<group>"; };
		85A5389021B7944600E510AF /* ZTBaseResponseModel.h */ = {isa = PBXFileReference; fileEncoding = 4; lastKnownFileType = sourcecode.c.h; path = ZTBaseResponseModel.h; sourceTree = "<group>"; };
		85A5389121B7944700E510AF /* ZTBaseRequestItem.m */ = {isa = PBXFileReference; fileEncoding = 4; lastKnownFileType = sourcecode.c.objc; path = ZTBaseRequestItem.m; sourceTree = "<group>"; };
		85A5389721B7952900E510AF /* JHEXTScope.h */ = {isa = PBXFileReference; fileEncoding = 4; lastKnownFileType = sourcecode.c.h; path = JHEXTScope.h; sourceTree = "<group>"; };
		85A5389821B7952900E510AF /* JHMetaMarcos.h */ = {isa = PBXFileReference; fileEncoding = 4; lastKnownFileType = sourcecode.c.h; path = JHMetaMarcos.h; sourceTree = "<group>"; };
		85A5389921B7952900E510AF /* JHFontMarco.h */ = {isa = PBXFileReference; fileEncoding = 4; lastKnownFileType = sourcecode.c.h; path = JHFontMarco.h; sourceTree = "<group>"; };
		85A5389A21B7952900E510AF /* JHMarcoTools.h */ = {isa = PBXFileReference; fileEncoding = 4; lastKnownFileType = sourcecode.c.h; path = JHMarcoTools.h; sourceTree = "<group>"; };
		85A5389B21B7954700E510AF /* JHGAppStoreTools.h */ = {isa = PBXFileReference; fileEncoding = 4; lastKnownFileType = sourcecode.c.h; path = JHGAppStoreTools.h; sourceTree = "<group>"; };
		85A5389C21B7954700E510AF /* JHGAppStoreTools.m */ = {isa = PBXFileReference; fileEncoding = 4; lastKnownFileType = sourcecode.c.objc; path = JHGAppStoreTools.m; sourceTree = "<group>"; };
		85AC90BB222CE46F00B00262 /* JHGTouchButton.h */ = {isa = PBXFileReference; lastKnownFileType = sourcecode.c.h; path = JHGTouchButton.h; sourceTree = "<group>"; };
		85AC90BC222CE46F00B00262 /* JHGTouchButton.m */ = {isa = PBXFileReference; lastKnownFileType = sourcecode.c.objc; path = JHGTouchButton.m; sourceTree = "<group>"; };
		85B50C1323F90D2700277F47 /* ListDemoViewController.h */ = {isa = PBXFileReference; lastKnownFileType = sourcecode.c.h; path = ListDemoViewController.h; sourceTree = "<group>"; };
		85B50C1423F90D2700277F47 /* ListDemoViewController.m */ = {isa = PBXFileReference; lastKnownFileType = sourcecode.c.objc; path = ListDemoViewController.m; sourceTree = "<group>"; };
		85CC04DF21C21DCE006693DD /* UIViewController+JHGarage.h */ = {isa = PBXFileReference; lastKnownFileType = sourcecode.c.h; path = "UIViewController+JHGarage.h"; sourceTree = "<group>"; };
		85CC04E021C21DCE006693DD /* UIViewController+JHGarage.m */ = {isa = PBXFileReference; lastKnownFileType = sourcecode.c.objc; path = "UIViewController+JHGarage.m"; sourceTree = "<group>"; };
		85CC04E221C24094006693DD /* JHGSwizzle.m */ = {isa = PBXFileReference; fileEncoding = 4; lastKnownFileType = sourcecode.c.objc; path = JHGSwizzle.m; sourceTree = "<group>"; };
		85CC04E321C24094006693DD /* JHGSwizzle.h */ = {isa = PBXFileReference; fileEncoding = 4; lastKnownFileType = sourcecode.c.h; path = JHGSwizzle.h; sourceTree = "<group>"; };
		85DC4CEE22E1AD0900DBA83D /* JHBaseUserDefaults.h */ = {isa = PBXFileReference; fileEncoding = 4; lastKnownFileType = sourcecode.c.h; path = JHBaseUserDefaults.h; sourceTree = "<group>"; };
		85DC4CEF22E1AD0900DBA83D /* JHBaseUserDefaults.m */ = {isa = PBXFileReference; fileEncoding = 4; lastKnownFileType = sourcecode.c.objc; path = JHBaseUserDefaults.m; sourceTree = "<group>"; };
		85FC831F21A6EAB60067F46B /* JHGarage.podspec */ = {isa = PBXFileReference; fileEncoding = 4; lastKnownFileType = text; path = JHGarage.podspec; sourceTree = "<group>"; };
		85FC832021A6EAB60067F46B /* JHGarage.h */ = {isa = PBXFileReference; fileEncoding = 4; lastKnownFileType = sourcecode.c.h; path = JHGarage.h; sourceTree = "<group>"; };
		85FC832621A6F4DF0067F46B /* JHGarage.app */ = {isa = PBXFileReference; explicitFileType = wrapper.application; includeInIndex = 0; path = JHGarage.app; sourceTree = BUILT_PRODUCTS_DIR; };
		85FC832821A6F4DF0067F46B /* AppDelegate.h */ = {isa = PBXFileReference; lastKnownFileType = sourcecode.c.h; path = AppDelegate.h; sourceTree = "<group>"; };
		85FC832921A6F4DF0067F46B /* AppDelegate.m */ = {isa = PBXFileReference; lastKnownFileType = sourcecode.c.objc; path = AppDelegate.m; sourceTree = "<group>"; };
		85FC832B21A6F4DF0067F46B /* ViewController.h */ = {isa = PBXFileReference; lastKnownFileType = sourcecode.c.h; path = ViewController.h; sourceTree = "<group>"; };
		85FC832C21A6F4DF0067F46B /* ViewController.m */ = {isa = PBXFileReference; lastKnownFileType = sourcecode.c.objc; path = ViewController.m; sourceTree = "<group>"; };
		85FC832F21A6F4DF0067F46B /* Base */ = {isa = PBXFileReference; lastKnownFileType = file.storyboard; name = Base; path = Base.lproj/Main.storyboard; sourceTree = "<group>"; };
		85FC833121A6F4E00067F46B /* Assets.xcassets */ = {isa = PBXFileReference; lastKnownFileType = folder.assetcatalog; path = Assets.xcassets; sourceTree = "<group>"; };
		85FC833421A6F4E00067F46B /* Base */ = {isa = PBXFileReference; lastKnownFileType = file.storyboard; name = Base; path = Base.lproj/LaunchScreen.storyboard; sourceTree = "<group>"; };
		85FC833621A6F4E00067F46B /* Info.plist */ = {isa = PBXFileReference; lastKnownFileType = text.plist.xml; path = Info.plist; sourceTree = "<group>"; };
		85FC833721A6F4E00067F46B /* main.m */ = {isa = PBXFileReference; lastKnownFileType = sourcecode.c.objc; path = main.m; sourceTree = "<group>"; };
/* End PBXFileReference section */

/* Begin PBXFrameworksBuildPhase section */
		852697C221B4CD32009F2CE6 /* Frameworks */ = {
			isa = PBXFrameworksBuildPhase;
			buildActionMask = 2147483647;
			files = (
			);
			runOnlyForDeploymentPostprocessing = 0;
		};
		85FC832321A6F4DF0067F46B /* Frameworks */ = {
			isa = PBXFrameworksBuildPhase;
			buildActionMask = 2147483647;
			files = (
				B24778F2C7D70732A3A73C53 /* libPods-JHGarage.a in Frameworks */,
			);
			runOnlyForDeploymentPostprocessing = 0;
		};
/* End PBXFrameworksBuildPhase section */

/* Begin PBXGroup section */
		39A7A22D0B125E4345F4AC48 /* Pods */ = {
			isa = PBXGroup;
			children = (
				5DFA5293930547C84573D880 /* Pods-JHGarage.debug.xcconfig */,
				5C7ABE95832A852F61E76DB5 /* Pods-JHGarage.release.xcconfig */,
			);
			name = Pods;
			sourceTree = "<group>";
		};
		852697C621B4CD32009F2CE6 /* Tests */ = {
			isa = PBXGroup;
			children = (
				852697C721B4CD32009F2CE6 /* Tests.m */,
				852697C921B4CD32009F2CE6 /* Info.plist */,
			);
			path = Tests;
			sourceTree = "<group>";
		};
		852697D121B75956009F2CE6 /* UI */ = {
			isa = PBXGroup;
			children = (
				85A5388021B77D0B00E510AF /* Core */,
				852697D321B75956009F2CE6 /* Navigation */,
				85AC90BA222CE45300B00262 /* CustomViews */,
			);
			path = UI;
			sourceTree = "<group>";
		};
		852697D221B75956009F2CE6 /* TableView */ = {
			isa = PBXGroup;
			children = (
				8529EEAB21FADDEC00F2AE9B /* GeneralList */,
				8562B1BD21DF304E00C2C6D7 /* UIViewController+JHGTable.h */,
				8562B1BE21DF304E00C2C6D7 /* UIViewController+JHGTable.m */,
				8562B1C321DF521E00C2C6D7 /* UITableViewCell+JHCellConfig.h */,
				8562B1C421DF521E00C2C6D7 /* UITableViewCell+JHCellConfig.m */,
				85A5385821B76F2600E510AF /* JHGBlankCell.h */,
				85A5385721B76F2500E510AF /* JHGBlankCell.m */,
			);
			path = TableView;
			sourceTree = "<group>";
		};
		852697D321B75956009F2CE6 /* Navigation */ = {
			isa = PBXGroup;
			children = (
			);
			path = Navigation;
			sourceTree = "<group>";
		};
		852697D421B75957009F2CE6 /* Data */ = {
			isa = PBXGroup;
			children = (
				852697D521B75957009F2CE6 /* LocalData */,
				852697D621B75957009F2CE6 /* Network */,
				852697D721B75957009F2CE6 /* Model */,
			);
			path = Data;
			sourceTree = "<group>";
		};
		852697D521B75957009F2CE6 /* LocalData */ = {
			isa = PBXGroup;
			children = (
				85DC4CEE22E1AD0900DBA83D /* JHBaseUserDefaults.h */,
				85DC4CEF22E1AD0900DBA83D /* JHBaseUserDefaults.m */,
			);
			path = LocalData;
			sourceTree = "<group>";
		};
		852697D621B75957009F2CE6 /* Network */ = {
			isa = PBXGroup;
			children = (
				85A5388521B793F900E510AF /* JHGHttpEngine.h */,
				85A5388121B793F800E510AF /* JHGHttpEngine.m */,
				85A5388621B793F900E510AF /* JHGHttpEngine+UploadDownload.h */,
				85A5388321B793F800E510AF /* JHGHttpEngine+UploadDownload.m */,
				85A5388221B793F800E510AF /* JHGRequestItem.h */,
				85A5388421B793F800E510AF /* JHGRequestItem.m */,
			);
			path = Network;
			sourceTree = "<group>";
		};
		852697D721B75957009F2CE6 /* Model */ = {
			isa = PBXGroup;
			children = (
			);
			path = Model;
			sourceTree = "<group>";
		};
		852697D821B75957009F2CE6 /* Other */ = {
			isa = PBXGroup;
			children = (
				8592BA34228D23360085DFA7 /* JHGDomainSwitchViewController.h */,
				8592BA35228D23360085DFA7 /* JHGDomainSwitchViewController.m */,
				8592BA37228D29120085DFA7 /* JHGDomainManager.h */,
				8592BA38228D29120085DFA7 /* JHGDomainManager.m */,
			);
			path = Other;
			sourceTree = "<group>";
		};
		852697D921B75957009F2CE6 /* UtilityTools */ = {
			isa = PBXGroup;
			children = (
				85A5389B21B7954700E510AF /* JHGAppStoreTools.h */,
				85A5389C21B7954700E510AF /* JHGAppStoreTools.m */,
				85CC04E321C24094006693DD /* JHGSwizzle.h */,
				85CC04E221C24094006693DD /* JHGSwizzle.m */,
				85A5389621B7952900E510AF /* JHMarcoTools */,
				85A5386721B770FB00E510AF /* Category */,
			);
			path = UtilityTools;
			sourceTree = "<group>";
		};
		8529EEAB21FADDEC00F2AE9B /* GeneralList */ = {
			isa = PBXGroup;
			children = (
				8529EEA821FADD8A00F2AE9B /* UIViewController+JHGTGeneralList.h */,
				8529EEA921FADD8A00F2AE9B /* UIViewController+JHGTGeneralList.m */,
			);
			path = GeneralList;
			sourceTree = "<group>";
		};
		8529EEB221FAE89600F2AE9B /* BlankView */ = {
			isa = PBXGroup;
			children = (
				8529EEB021FAE7B100F2AE9B /* JHGBlankView.h */,
				8529EEAF21FAE7B000F2AE9B /* JHGBlankView.m */,
				8529EEAC21FAE66400F2AE9B /* UIViewController+JHGBlankView.h */,
				8529EEAD21FAE66400F2AE9B /* UIViewController+JHGBlankView.m */,
			);
			path = BlankView;
			sourceTree = "<group>";
		};
		85A5386721B770FB00E510AF /* Category */ = {
			isa = PBXGroup;
			children = (
				85A5387521B774BB00E510AF /* UIColor+JHGRandom.h */,
				85A5387421B774BB00E510AF /* UIColor+JHGRandom.m */,
				85A5387021B774AB00E510AF /* UIImage+JHGColor.h */,
				85A5387121B774AB00E510AF /* UIImage+JHGColor.m */,
				85A5386D21B7749C00E510AF /* UIImage+JHGImageUtil.h */,
				85A5386C21B7749C00E510AF /* UIImage+JHGImageUtil.m */,
				85A5386321B770EC00E510AF /* UIView+JHGShortcut.h */,
				85A5386421B770EC00E510AF /* UIView+JHGShortcut.m */,
			);
			path = Category;
			sourceTree = "<group>";
		};
		85A5388021B77D0B00E510AF /* Core */ = {
			isa = PBXGroup;
			children = (
				852697D221B75956009F2CE6 /* TableView */,
				8529EEB221FAE89600F2AE9B /* BlankView */,
				85CC04DF21C21DCE006693DD /* UIViewController+JHGarage.h */,
				85CC04E021C21DCE006693DD /* UIViewController+JHGarage.m */,
				85A5387921B77CEF00E510AF /* JHGWebViewController.h */,
				85A5387B21B77CEF00E510AF /* JHGWebViewController.m */,
			);
			path = Core;
			sourceTree = "<group>";
		};
		85A5388D21B7943D00E510AF /* New Group */ = {
			isa = PBXGroup;
			children = (
				85A5388E21B7944600E510AF /* ZTBaseRequestItem.h */,
				85A5389121B7944700E510AF /* ZTBaseRequestItem.m */,
				85A5389021B7944600E510AF /* ZTBaseResponseModel.h */,
				85A5388F21B7944600E510AF /* ZTBaseResponseModel.m */,
			);
			path = "New Group";
			sourceTree = "<group>";
		};
		85A5389621B7952900E510AF /* JHMarcoTools */ = {
			isa = PBXGroup;
			children = (
				85A5389721B7952900E510AF /* JHEXTScope.h */,
				85A5389821B7952900E510AF /* JHMetaMarcos.h */,
				85A5389921B7952900E510AF /* JHFontMarco.h */,
				85A5389A21B7952900E510AF /* JHMarcoTools.h */,
			);
			path = JHMarcoTools;
			sourceTree = "<group>";
		};
		85AC90BA222CE45300B00262 /* CustomViews */ = {
			isa = PBXGroup;
			children = (
				85AC90BB222CE46F00B00262 /* JHGTouchButton.h */,
				85AC90BC222CE46F00B00262 /* JHGTouchButton.m */,
			);
			path = CustomViews;
			sourceTree = "<group>";
		};
		85FC828421A6E5670067F46B = {
			isa = PBXGroup;
			children = (
				85FC831F21A6EAB60067F46B /* JHGarage.podspec */,
				85FC831D21A6EAB60067F46B /* src */,
				85FC832721A6F4DF0067F46B /* Demo */,
				852697C621B4CD32009F2CE6 /* Tests */,
				85FC828E21A6E5670067F46B /* Products */,
				39A7A22D0B125E4345F4AC48 /* Pods */,
				DDFA6F7283C3BE9904D1A0DE /* Frameworks */,
			);
			sourceTree = "<group>";
		};
		85FC828E21A6E5670067F46B /* Products */ = {
			isa = PBXGroup;
			children = (
				85FC832621A6F4DF0067F46B /* JHGarage.app */,
				852697C521B4CD32009F2CE6 /* Tests.xctest */,
			);
			name = Products;
			sourceTree = "<group>";
		};
		85FC831D21A6EAB60067F46B /* src */ = {
			isa = PBXGroup;
			children = (
				85FC832021A6EAB60067F46B /* JHGarage.h */,
				852697D421B75957009F2CE6 /* Data */,
				852697D821B75957009F2CE6 /* Other */,
				852697D121B75956009F2CE6 /* UI */,
				852697D921B75957009F2CE6 /* UtilityTools */,
			);
			path = src;
			sourceTree = "<group>";
		};
		85FC832721A6F4DF0067F46B /* Demo */ = {
			isa = PBXGroup;
			children = (
				85FC832821A6F4DF0067F46B /* AppDelegate.h */,
				85FC832921A6F4DF0067F46B /* AppDelegate.m */,
				85A5388D21B7943D00E510AF /* New Group */,
				85FC832B21A6F4DF0067F46B /* ViewController.h */,
				85FC832C21A6F4DF0067F46B /* ViewController.m */,
				85B50C1323F90D2700277F47 /* ListDemoViewController.h */,
				85B50C1423F90D2700277F47 /* ListDemoViewController.m */,
				85FC832E21A6F4DF0067F46B /* Main.storyboard */,
				85FC833121A6F4E00067F46B /* Assets.xcassets */,
				85FC833321A6F4E00067F46B /* LaunchScreen.storyboard */,
				85FC833621A6F4E00067F46B /* Info.plist */,
				85FC833721A6F4E00067F46B /* main.m */,
			);
			path = Demo;
			sourceTree = "<group>";
		};
		DDFA6F7283C3BE9904D1A0DE /* Frameworks */ = {
			isa = PBXGroup;
			children = (
				57376C6813CC44B952A202D5 /* libPods-JHGarage.a */,
			);
			name = Frameworks;
			sourceTree = "<group>";
		};
/* End PBXGroup section */

/* Begin PBXNativeTarget section */
		852697C421B4CD32009F2CE6 /* Tests */ = {
			isa = PBXNativeTarget;
			buildConfigurationList = 852697CC21B4CD32009F2CE6 /* Build configuration list for PBXNativeTarget "Tests" */;
			buildPhases = (
				852697C121B4CD32009F2CE6 /* Sources */,
				852697C221B4CD32009F2CE6 /* Frameworks */,
				852697C321B4CD32009F2CE6 /* Resources */,
			);
			buildRules = (
			);
			dependencies = (
				852697CB21B4CD32009F2CE6 /* PBXTargetDependency */,
			);
			name = Tests;
			productName = Tests;
			productReference = 852697C521B4CD32009F2CE6 /* Tests.xctest */;
			productType = "com.apple.product-type.bundle.unit-test";
		};
		85FC832521A6F4DF0067F46B /* JHGarage */ = {
			isa = PBXNativeTarget;
			buildConfigurationList = 85FC833921A6F4E00067F46B /* Build configuration list for PBXNativeTarget "JHGarage" */;
			buildPhases = (
				77D41A17DB21BF0BB76D0711 /* [CP] Check Pods Manifest.lock */,
				85FC832221A6F4DF0067F46B /* Sources */,
				85FC832321A6F4DF0067F46B /* Frameworks */,
				85FC832421A6F4DF0067F46B /* Resources */,
				B9E94C285C94B6DD0337A9D4 /* [CP] Copy Pods Resources */,
			);
			buildRules = (
			);
			dependencies = (
			);
			name = JHGarage;
			productName = JHGarage;
			productReference = 85FC832621A6F4DF0067F46B /* JHGarage.app */;
			productType = "com.apple.product-type.application";
		};
/* End PBXNativeTarget section */

/* Begin PBXProject section */
		85FC828521A6E5670067F46B /* Project object */ = {
			isa = PBXProject;
			attributes = {
				LastUpgradeCheck = 1010;
				ORGANIZATIONNAME = "Jason Hu";
				TargetAttributes = {
					852697C421B4CD32009F2CE6 = {
						CreatedOnToolsVersion = 10.1;
					};
					85FC832521A6F4DF0067F46B = {
						CreatedOnToolsVersion = 10.1;
					};
				};
			};
			buildConfigurationList = 85FC828821A6E5670067F46B /* Build configuration list for PBXProject "JHGarage" */;
			compatibilityVersion = "Xcode 9.3";
			developmentRegion = en;
			hasScannedForEncodings = 0;
			knownRegions = (
				en,
				Base,
			);
			mainGroup = 85FC828421A6E5670067F46B;
			productRefGroup = 85FC828E21A6E5670067F46B /* Products */;
			projectDirPath = "";
			projectRoot = "";
			targets = (
				85FC832521A6F4DF0067F46B /* JHGarage */,
				852697C421B4CD32009F2CE6 /* Tests */,
			);
		};
/* End PBXProject section */

/* Begin PBXResourcesBuildPhase section */
		852697C321B4CD32009F2CE6 /* Resources */ = {
			isa = PBXResourcesBuildPhase;
			buildActionMask = 2147483647;
			files = (
			);
			runOnlyForDeploymentPostprocessing = 0;
		};
		85FC832421A6F4DF0067F46B /* Resources */ = {
			isa = PBXResourcesBuildPhase;
			buildActionMask = 2147483647;
			files = (
				85FC833521A6F4E00067F46B /* LaunchScreen.storyboard in Resources */,
				85FC833221A6F4E00067F46B /* Assets.xcassets in Resources */,
				85FC833021A6F4DF0067F46B /* Main.storyboard in Resources */,
			);
			runOnlyForDeploymentPostprocessing = 0;
		};
/* End PBXResourcesBuildPhase section */

/* Begin PBXShellScriptBuildPhase section */
		77D41A17DB21BF0BB76D0711 /* [CP] Check Pods Manifest.lock */ = {
			isa = PBXShellScriptBuildPhase;
			buildActionMask = 2147483647;
			files = (
			);
			inputPaths = (
				"${PODS_PODFILE_DIR_PATH}/Podfile.lock",
				"${PODS_ROOT}/Manifest.lock",
			);
			name = "[CP] Check Pods Manifest.lock";
			outputPaths = (
				"$(DERIVED_FILE_DIR)/Pods-JHGarage-checkManifestLockResult.txt",
			);
			runOnlyForDeploymentPostprocessing = 0;
			shellPath = /bin/sh;
			shellScript = "diff \"${PODS_PODFILE_DIR_PATH}/Podfile.lock\" \"${PODS_ROOT}/Manifest.lock\" > /dev/null\nif [ $? != 0 ] ; then\n    # print error to STDERR\n    echo \"error: The sandbox is not in sync with the Podfile.lock. Run 'pod install' or update your CocoaPods installation.\" >&2\n    exit 1\nfi\n# This output is used by Xcode 'outputs' to avoid re-running this script phase.\necho \"SUCCESS\" > \"${SCRIPT_OUTPUT_FILE_0}\"\n";
			showEnvVarsInLog = 0;
		};
		B9E94C285C94B6DD0337A9D4 /* [CP] Copy Pods Resources */ = {
			isa = PBXShellScriptBuildPhase;
			buildActionMask = 2147483647;
			files = (
			);
			inputFileListPaths = (
				"${PODS_ROOT}/Target Support Files/Pods-JHGarage/Pods-JHGarage-resources-${CONFIGURATION}-input-files.xcfilelist",
			);
			name = "[CP] Copy Pods Resources";
			outputFileListPaths = (
				"${PODS_ROOT}/Target Support Files/Pods-JHGarage/Pods-JHGarage-resources-${CONFIGURATION}-output-files.xcfilelist",
			);
			runOnlyForDeploymentPostprocessing = 0;
			shellPath = /bin/sh;
			shellScript = "\"${PODS_ROOT}/Target Support Files/Pods-JHGarage/Pods-JHGarage-resources.sh\"\n";
			showEnvVarsInLog = 0;
		};
/* End PBXShellScriptBuildPhase section */

/* Begin PBXSourcesBuildPhase section */
		852697C121B4CD32009F2CE6 /* Sources */ = {
			isa = PBXSourcesBuildPhase;
			buildActionMask = 2147483647;
			files = (
				85A5387721B774BB00E510AF /* UIColor+JHGRandom.m in Sources */,
				85A5389321B7944700E510AF /* ZTBaseResponseModel.m in Sources */,
				85A5386621B770EC00E510AF /* UIView+JHGShortcut.m in Sources */,
				85A5386F21B7749C00E510AF /* UIImage+JHGImageUtil.m in Sources */,
				85A5388C21B793F900E510AF /* JHGRequestItem.m in Sources */,
				85A5388821B793F900E510AF /* JHGHttpEngine.m in Sources */,
				85A5387321B774AB00E510AF /* UIImage+JHGColor.m in Sources */,
				85A5385E21B76F2600E510AF /* JHGBlankCell.m in Sources */,
				85A5389E21B7954800E510AF /* JHGAppStoreTools.m in Sources */,
				85A5388A21B793F900E510AF /* JHGHttpEngine+UploadDownload.m in Sources */,
				852697C821B4CD32009F2CE6 /* Tests.m in Sources */,
				85A5387F21B77CEF00E510AF /* JHGWebViewController.m in Sources */,
				85A5389521B7944700E510AF /* ZTBaseRequestItem.m in Sources */,
			);
			runOnlyForDeploymentPostprocessing = 0;
		};
		85FC832221A6F4DF0067F46B /* Sources */ = {
			isa = PBXSourcesBuildPhase;
			buildActionMask = 2147483647;
			files = (
				85CC04E121C21DCE006693DD /* UIViewController+JHGarage.m in Sources */,
				85A5387621B774BB00E510AF /* UIColor+JHGRandom.m in Sources */,
				8529EEAE21FAE66400F2AE9B /* UIViewController+JHGBlankView.m in Sources */,
				8592BA39228D29120085DFA7 /* JHGDomainManager.m in Sources */,
				85A5386E21B7749C00E510AF /* UIImage+JHGImageUtil.m in Sources */,
				85A5388721B793F900E510AF /* JHGHttpEngine.m in Sources */,
				8562B1C521DF521E00C2C6D7 /* UITableViewCell+JHCellConfig.m in Sources */,
				85A5388B21B793F900E510AF /* JHGRequestItem.m in Sources */,
				8529EEB121FAE7B100F2AE9B /* JHGBlankView.m in Sources */,
				85A5385D21B76F2600E510AF /* JHGBlankCell.m in Sources */,
				85FC832D21A6F4DF0067F46B /* ViewController.m in Sources */,
				85A5388921B793F900E510AF /* JHGHttpEngine+UploadDownload.m in Sources */,
				85FC833821A6F4E00067F46B /* main.m in Sources */,
				85AC90BD222CE46F00B00262 /* JHGTouchButton.m in Sources */,
				85A5389421B7944700E510AF /* ZTBaseRequestItem.m in Sources */,
				85B50C1523F90D2700277F47 /* ListDemoViewController.m in Sources */,
				85A5389D21B7954800E510AF /* JHGAppStoreTools.m in Sources */,
				85A5386521B770EC00E510AF /* UIView+JHGShortcut.m in Sources */,
				85DC4CF022E1AD0900DBA83D /* JHBaseUserDefaults.m in Sources */,
				85A5387221B774AB00E510AF /* UIImage+JHGColor.m in Sources */,
				85CC04E421C24094006693DD /* JHGSwizzle.m in Sources */,
				85A5389221B7944700E510AF /* ZTBaseResponseModel.m in Sources */,
				8529EEAA21FADD8A00F2AE9B /* UIViewController+JHGTGeneralList.m in Sources */,
				8592BA36228D23360085DFA7 /* JHGDomainSwitchViewController.m in Sources */,
				85FC832A21A6F4DF0067F46B /* AppDelegate.m in Sources */,
				85A5387E21B77CEF00E510AF /* JHGWebViewController.m in Sources */,
				8562B1BF21DF304E00C2C6D7 /* UIViewController+JHGTable.m in Sources */,
			);
			runOnlyForDeploymentPostprocessing = 0;
		};
/* End PBXSourcesBuildPhase section */

/* Begin PBXTargetDependency section */
		852697CB21B4CD32009F2CE6 /* PBXTargetDependency */ = {
			isa = PBXTargetDependency;
			target = 85FC832521A6F4DF0067F46B /* JHGarage */;
			targetProxy = 852697CA21B4CD32009F2CE6 /* PBXContainerItemProxy */;
		};
/* End PBXTargetDependency section */

/* Begin PBXVariantGroup section */
		85FC832E21A6F4DF0067F46B /* Main.storyboard */ = {
			isa = PBXVariantGroup;
			children = (
				85FC832F21A6F4DF0067F46B /* Base */,
			);
			name = Main.storyboard;
			sourceTree = "<group>";
		};
		85FC833321A6F4E00067F46B /* LaunchScreen.storyboard */ = {
			isa = PBXVariantGroup;
			children = (
				85FC833421A6F4E00067F46B /* Base */,
			);
			name = LaunchScreen.storyboard;
			sourceTree = "<group>";
		};
/* End PBXVariantGroup section */

/* Begin XCBuildConfiguration section */
		852697CD21B4CD32009F2CE6 /* Debug */ = {
			isa = XCBuildConfiguration;
			buildSettings = {
				CODE_SIGN_STYLE = Automatic;
				INFOPLIST_FILE = Tests/Info.plist;
				LD_RUNPATH_SEARCH_PATHS = (
					"$(inherited)",
					"@executable_path/Frameworks",
					"@loader_path/Frameworks",
				);
				PRODUCT_BUNDLE_IDENTIFIER = com.jchu.Tests;
				PRODUCT_NAME = "$(TARGET_NAME)";
				TARGETED_DEVICE_FAMILY = "1,2";
			};
			name = Debug;
		};
		852697CE21B4CD32009F2CE6 /* Release */ = {
			isa = XCBuildConfiguration;
			buildSettings = {
				CODE_SIGN_STYLE = Automatic;
				INFOPLIST_FILE = Tests/Info.plist;
				LD_RUNPATH_SEARCH_PATHS = (
					"$(inherited)",
					"@executable_path/Frameworks",
					"@loader_path/Frameworks",
				);
				PRODUCT_BUNDLE_IDENTIFIER = com.jchu.Tests;
				PRODUCT_NAME = "$(TARGET_NAME)";
				TARGETED_DEVICE_FAMILY = "1,2";
			};
			name = Release;
		};
		85FC82A121A6E5680067F46B /* Debug */ = {
			isa = XCBuildConfiguration;
			buildSettings = {
				ALWAYS_SEARCH_USER_PATHS = NO;
				CLANG_ANALYZER_NONNULL = YES;
				CLANG_ANALYZER_NUMBER_OBJECT_CONVERSION = YES_AGGRESSIVE;
				CLANG_CXX_LANGUAGE_STANDARD = "gnu++14";
				CLANG_CXX_LIBRARY = "libc++";
				CLANG_ENABLE_MODULES = YES;
				CLANG_ENABLE_OBJC_ARC = YES;
				CLANG_ENABLE_OBJC_WEAK = YES;
				CLANG_WARN_BLOCK_CAPTURE_AUTORELEASING = YES;
				CLANG_WARN_BOOL_CONVERSION = YES;
				CLANG_WARN_COMMA = YES;
				CLANG_WARN_CONSTANT_CONVERSION = YES;
				CLANG_WARN_DEPRECATED_OBJC_IMPLEMENTATIONS = YES;
				CLANG_WARN_DIRECT_OBJC_ISA_USAGE = YES_ERROR;
				CLANG_WARN_DOCUMENTATION_COMMENTS = YES;
				CLANG_WARN_EMPTY_BODY = YES;
				CLANG_WARN_ENUM_CONVERSION = YES;
				CLANG_WARN_INFINITE_RECURSION = YES;
				CLANG_WARN_INT_CONVERSION = YES;
				CLANG_WARN_NON_LITERAL_NULL_CONVERSION = YES;
				CLANG_WARN_OBJC_IMPLICIT_RETAIN_SELF = YES;
				CLANG_WARN_OBJC_LITERAL_CONVERSION = YES;
				CLANG_WARN_OBJC_ROOT_CLASS = YES_ERROR;
				CLANG_WARN_RANGE_LOOP_ANALYSIS = YES;
				CLANG_WARN_STRICT_PROTOTYPES = YES;
				CLANG_WARN_SUSPICIOUS_MOVE = YES;
				CLANG_WARN_UNGUARDED_AVAILABILITY = YES_AGGRESSIVE;
				CLANG_WARN_UNREACHABLE_CODE = YES;
				CLANG_WARN__DUPLICATE_METHOD_MATCH = YES;
				CODE_SIGN_IDENTITY = "iPhone Developer";
				COPY_PHASE_STRIP = NO;
				DEBUG_INFORMATION_FORMAT = dwarf;
				ENABLE_STRICT_OBJC_MSGSEND = YES;
				ENABLE_TESTABILITY = YES;
				GCC_C_LANGUAGE_STANDARD = gnu11;
				GCC_DYNAMIC_NO_PIC = NO;
				GCC_NO_COMMON_BLOCKS = YES;
				GCC_OPTIMIZATION_LEVEL = 0;
				GCC_PREPROCESSOR_DEFINITIONS = (
					"DEBUG=1",
					"$(inherited)",
				);
				GCC_WARN_64_TO_32_BIT_CONVERSION = YES;
				GCC_WARN_ABOUT_RETURN_TYPE = YES_ERROR;
				GCC_WARN_UNDECLARED_SELECTOR = YES;
				GCC_WARN_UNINITIALIZED_AUTOS = YES_AGGRESSIVE;
				GCC_WARN_UNUSED_FUNCTION = YES;
				GCC_WARN_UNUSED_VARIABLE = YES;
				IPHONEOS_DEPLOYMENT_TARGET = 12.1;
				MTL_ENABLE_DEBUG_INFO = INCLUDE_SOURCE;
				MTL_FAST_MATH = YES;
				ONLY_ACTIVE_ARCH = YES;
				SDKROOT = iphoneos;
			};
			name = Debug;
		};
		85FC82A221A6E5680067F46B /* Release */ = {
			isa = XCBuildConfiguration;
			buildSettings = {
				ALWAYS_SEARCH_USER_PATHS = NO;
				CLANG_ANALYZER_NONNULL = YES;
				CLANG_ANALYZER_NUMBER_OBJECT_CONVERSION = YES_AGGRESSIVE;
				CLANG_CXX_LANGUAGE_STANDARD = "gnu++14";
				CLANG_CXX_LIBRARY = "libc++";
				CLANG_ENABLE_MODULES = YES;
				CLANG_ENABLE_OBJC_ARC = YES;
				CLANG_ENABLE_OBJC_WEAK = YES;
				CLANG_WARN_BLOCK_CAPTURE_AUTORELEASING = YES;
				CLANG_WARN_BOOL_CONVERSION = YES;
				CLANG_WARN_COMMA = YES;
				CLANG_WARN_CONSTANT_CONVERSION = YES;
				CLANG_WARN_DEPRECATED_OBJC_IMPLEMENTATIONS = YES;
				CLANG_WARN_DIRECT_OBJC_ISA_USAGE = YES_ERROR;
				CLANG_WARN_DOCUMENTATION_COMMENTS = YES;
				CLANG_WARN_EMPTY_BODY = YES;
				CLANG_WARN_ENUM_CONVERSION = YES;
				CLANG_WARN_INFINITE_RECURSION = YES;
				CLANG_WARN_INT_CONVERSION = YES;
				CLANG_WARN_NON_LITERAL_NULL_CONVERSION = YES;
				CLANG_WARN_OBJC_IMPLICIT_RETAIN_SELF = YES;
				CLANG_WARN_OBJC_LITERAL_CONVERSION = YES;
				CLANG_WARN_OBJC_ROOT_CLASS = YES_ERROR;
				CLANG_WARN_RANGE_LOOP_ANALYSIS = YES;
				CLANG_WARN_STRICT_PROTOTYPES = YES;
				CLANG_WARN_SUSPICIOUS_MOVE = YES;
				CLANG_WARN_UNGUARDED_AVAILABILITY = YES_AGGRESSIVE;
				CLANG_WARN_UNREACHABLE_CODE = YES;
				CLANG_WARN__DUPLICATE_METHOD_MATCH = YES;
				CODE_SIGN_IDENTITY = "iPhone Developer";
				COPY_PHASE_STRIP = NO;
				DEBUG_INFORMATION_FORMAT = "dwarf-with-dsym";
				ENABLE_NS_ASSERTIONS = NO;
				ENABLE_STRICT_OBJC_MSGSEND = YES;
				GCC_C_LANGUAGE_STANDARD = gnu11;
				GCC_NO_COMMON_BLOCKS = YES;
				GCC_WARN_64_TO_32_BIT_CONVERSION = YES;
				GCC_WARN_ABOUT_RETURN_TYPE = YES_ERROR;
				GCC_WARN_UNDECLARED_SELECTOR = YES;
				GCC_WARN_UNINITIALIZED_AUTOS = YES_AGGRESSIVE;
				GCC_WARN_UNUSED_FUNCTION = YES;
				GCC_WARN_UNUSED_VARIABLE = YES;
				IPHONEOS_DEPLOYMENT_TARGET = 12.1;
				MTL_ENABLE_DEBUG_INFO = NO;
				MTL_FAST_MATH = YES;
				SDKROOT = iphoneos;
				VALIDATE_PRODUCT = YES;
			};
			name = Release;
		};
		85FC833A21A6F4E00067F46B /* Debug */ = {
			isa = XCBuildConfiguration;
			baseConfigurationReference = 5DFA5293930547C84573D880 /* Pods-JHGarage.debug.xcconfig */;
			buildSettings = {
				ASSETCATALOG_COMPILER_APPICON_NAME = AppIcon;
				CODE_SIGN_STYLE = Automatic;
				DEVELOPMENT_TEAM = GLG6FGTY6V;
				INFOPLIST_FILE = Demo/Info.plist;
				IPHONEOS_DEPLOYMENT_TARGET = 9.0;
				LD_RUNPATH_SEARCH_PATHS = (
					"$(inherited)",
					"@executable_path/Frameworks",
				);
				PRODUCT_BUNDLE_IDENTIFIER = com.jchu.JHGarage;
				PRODUCT_NAME = "$(TARGET_NAME)";
				TARGETED_DEVICE_FAMILY = "1,2";
			};
			name = Debug;
		};
		85FC833B21A6F4E00067F46B /* Release */ = {
			isa = XCBuildConfiguration;
			baseConfigurationReference = 5C7ABE95832A852F61E76DB5 /* Pods-JHGarage.release.xcconfig */;
			buildSettings = {
				ASSETCATALOG_COMPILER_APPICON_NAME = AppIcon;
				CODE_SIGN_STYLE = Automatic;
				DEVELOPMENT_TEAM = GLG6FGTY6V;
				INFOPLIST_FILE = Demo/Info.plist;
				IPHONEOS_DEPLOYMENT_TARGET = 9.0;
				LD_RUNPATH_SEARCH_PATHS = (
					"$(inherited)",
					"@executable_path/Frameworks",
				);
				PRODUCT_BUNDLE_IDENTIFIER = com.jchu.JHGarage;
				PRODUCT_NAME = "$(TARGET_NAME)";
				TARGETED_DEVICE_FAMILY = "1,2";
			};
			name = Release;
		};
/* End XCBuildConfiguration section */

/* Begin XCConfigurationList section */
		852697CC21B4CD32009F2CE6 /* Build configuration list for PBXNativeTarget "Tests" */ = {
			isa = XCConfigurationList;
			buildConfigurations = (
				852697CD21B4CD32009F2CE6 /* Debug */,
				852697CE21B4CD32009F2CE6 /* Release */,
			);
			defaultConfigurationIsVisible = 0;
			defaultConfigurationName = Release;
		};
		85FC828821A6E5670067F46B /* Build configuration list for PBXProject "JHGarage" */ = {
			isa = XCConfigurationList;
			buildConfigurations = (
				85FC82A121A6E5680067F46B /* Debug */,
				85FC82A221A6E5680067F46B /* Release */,
			);
			defaultConfigurationIsVisible = 0;
			defaultConfigurationName = Release;
		};
		85FC833921A6F4E00067F46B /* Build configuration list for PBXNativeTarget "JHGarage" */ = {
			isa = XCConfigurationList;
			buildConfigurations = (
				85FC833A21A6F4E00067F46B /* Debug */,
				85FC833B21A6F4E00067F46B /* Release */,
			);
			defaultConfigurationIsVisible = 0;
			defaultConfigurationName = Release;
		};
/* End XCConfigurationList section */
	};
	rootObject = 85FC828521A6E5670067F46B /* Project object */;
}
